
Microsoft Visual Studio Solution File, Format Version 12.00
# Visual Studio Version 17
VisualStudioVersion = 17.5.33424.131
MinimumVisualStudioVersion = 10.0.40219.1
Project("{FAE04EC0-301F-11D3-BF4B-00C04F79EFBC}") = "FileConverter", "FileConverter\FileConverter.csproj", "{83BCE769-8155-43BB-9D1B-A18BE6BE4876}"
EndProject
Project("{FAE04EC0-301F-11D3-BF4B-00C04F79EFBC}") = "FileConverterTest", "FileConverterTest\FileConverterTest.csproj", "{17ECF881-51CC-43BF-9D21-D0D1CB13149F}"
EndProject
Global
	GlobalSection(SolutionConfigurationPlatforms) = preSolution
		Debug|Any CPU = Debug|Any CPU
		Release|Any CPU = Release|Any CPU
	EndGlobalSection
	GlobalSection(ProjectConfigurationPlatforms) = postSolution
		{83BCE769-8155-43BB-9D1B-A18BE6BE4876}.Debug|Any CPU.ActiveCfg = Debug|Any CPU
		{83BCE769-8155-43BB-9D1B-A18BE6BE4876}.Debug|Any CPU.Build.0 = Debug|Any CPU
		{83BCE769-8155-43BB-9D1B-A18BE6BE4876}.Release|Any CPU.ActiveCfg = Release|Any CPU
		{83BCE769-8155-43BB-9D1B-A18BE6BE4876}.Release|Any CPU.Build.0 = Release|Any CPU
		{17ECF881-51CC-43BF-9D21-D0D1CB13149F}.Debug|Any CPU.ActiveCfg = Debug|Any CPU
		{17ECF881-51CC-43BF-9D21-D0D1CB13149F}.Debug|Any CPU.Build.0 = Debug|Any CPU
		{17ECF881-51CC-43BF-9D21-D0D1CB13149F}.Release|Any CPU.ActiveCfg = Release|Any CPU
		{17ECF881-51CC-43BF-9D21-D0D1CB13149F}.Release|Any CPU.Build.0 = Release|Any CPU
	EndGlobalSection
	GlobalSection(SolutionProperties) = preSolution
		HideSolutionNode = FALSE
	EndGlobalSection
	GlobalSection(ExtensibilityGlobals) = postSolution
		SolutionGuid = {B5C46952-3A12-4A52-B106-B94BB1655D9F}
	EndGlobalSection
EndGlobal
